Microsoft Visual Studio Solution File, Format Version 12.00
# Visual Studio 15
VisualStudioVersion = 15.0.27004.2008
MinimumVisualStudioVersion = 15.0.26124.0
Project("{2150E333-8FDC-42A3-9474-1A3956D46DE8}") = "src", "src", "{1890303B-0C67-4439-B48A-46DFA884930F}"
EndProject
Project("{9A19103F-16F7-4668-BE54-9A1E7A4F7556}") = "Rik.StatusPage", "src\Rik.StatusPage\Rik.StatusPage.csproj", "{6475CCA2-C193-4F75-A425-AD177880C4BA}"
EndProject
Project("{2150E333-8FDC-42A3-9474-1A3956D46DE8}") = "test", "test", "{092D3627-601B-4FCE-899F-1940080279DD}"
EndProject
Project("{9A19103F-16F7-4668-BE54-9A1E7A4F7556}") = "Rik.StatusPage.Test", "test\Rik.StatusPage.Test\Rik.StatusPage.Test.csproj", "{C5705D3A-6EC7-4EA7-8BBD-41C692F7D776}"
EndProject
Project("{9A19103F-16F7-4668-BE54-9A1E7A4F7556}") = "Rik.StatusPage.SystemTest", "test\Rik.StatusPage.SystemTest\Rik.StatusPage.SystemTest.csproj", "{17051D3A-B4E1-4AB8-9F1D-231C5B667692}"
EndProject
Project("{2150E333-8FDC-42A3-9474-1A3956D46DE8}") = ".project", ".project", "{E4C8DE2C-6B0B-4DAB-BFF9-6F5A40862F83}"
	ProjectSection(SolutionItems) = preProject
		README.md = README.md
		RELEASE_NOTES.md = RELEASE_NOTES.md
	EndProjectSection
EndProject
Project("{FAE04EC0-301F-11D3-BF4B-00C04F79EFBC}") = "Rik.StatusPage.AspNetCore", "src\Rik.StatusPage.AspNetCore\Rik.StatusPage.AspNetCore.csproj", "{1C9B6CFF-9AB9-4DE4-A7A0-88237A580C94}"
EndProject
Project("{FAE04EC0-301F-11D3-BF4B-00C04F79EFBC}") = "Rik.StatusPage.AspNetCore.Test", "test\Rik.StatusPage.AspNetCore.Test\Rik.StatusPage.AspNetCore.Test.csproj", "{BBCEA0B0-33B2-48D5-8CA6-C8916C609592}"
EndProject
Global
	GlobalSection(SolutionConfigurationPlatforms) = preSolution
		Debug|Any CPU = Debug|Any CPU
		Debug|x64 = Debug|x64
		Debug|x86 = Debug|x86
		Release|Any CPU = Release|Any CPU
		Release|x64 = Release|x64
		Release|x86 = Release|x86
	EndGlobalSection
	GlobalSection(ProjectConfigurationPlatforms) = postSolution
		{6475CCA2-C193-4F75-A425-AD177880C4BA}.Debug|Any CPU.ActiveCfg = Debug|Any CPU
		{6475CCA2-C193-4F75-A425-AD177880C4BA}.Debug|Any CPU.Build.0 = Debug|Any CPU
		{6475CCA2-C193-4F75-A425-AD177880C4BA}.Debug|x64.ActiveCfg = Debug|Any CPU
		{6475CCA2-C193-4F75-A425-AD177880C4BA}.Debug|x64.Build.0 = Debug|Any CPU
		{6475CCA2-C193-4F75-A425-AD177880C4BA}.Debug|x86.ActiveCfg = Debug|Any CPU
		{6475CCA2-C193-4F75-A425-AD177880C4BA}.Debug|x86.Build.0 = Debug|Any CPU
		{6475CCA2-C193-4F75-A425-AD177880C4BA}.Release|Any CPU.ActiveCfg = Release|Any CPU
		{6475CCA2-C193-4F75-A425-AD177880C4BA}.Release|Any CPU.Build.0 = Release|Any CPU
		{6475CCA2-C193-4F75-A425-AD177880C4BA}.Release|x64.ActiveCfg = Release|Any CPU
		{6475CCA2-C193-4F75-A425-AD177880C4BA}.Release|x64.Build.0 = Release|Any CPU
		{6475CCA2-C193-4F75-A425-AD177880C4BA}.Release|x86.ActiveCfg = Release|Any CPU
		{6475CCA2-C193-4F75-A425-AD177880C4BA}.Release|x86.Build.0 = Release|Any CPU
		{C5705D3A-6EC7-4EA7-8BBD-41C692F7D776}.Debug|Any CPU.ActiveCfg = Debug|Any CPU
		{C5705D3A-6EC7-4EA7-8BBD-41C692F7D776}.Debug|Any CPU.Build.0 = Debug|Any CPU
		{C5705D3A-6EC7-4EA7-8BBD-41C692F7D776}.Debug|x64.ActiveCfg = Debug|Any CPU
		{C5705D3A-6EC7-4EA7-8BBD-41C692F7D776}.Debug|x64.Build.0 = Debug|Any CPU
		{C5705D3A-6EC7-4EA7-8BBD-41C692F7D776}.Debug|x86.ActiveCfg = Debug|Any CPU
		{C5705D3A-6EC7-4EA7-8BBD-41C692F7D776}.Debug|x86.Build.0 = Debug|Any CPU
		{C5705D3A-6EC7-4EA7-8BBD-41C692F7D776}.Release|Any CPU.ActiveCfg = Release|Any CPU
		{C5705D3A-6EC7-4EA7-8BBD-41C692F7D776}.Release|Any CPU.Build.0 = Release|Any CPU
		{C5705D3A-6EC7-4EA7-8BBD-41C692F7D776}.Release|x64.ActiveCfg = Release|Any CPU
		{C5705D3A-6EC7-4EA7-8BBD-41C692F7D776}.Release|x64.Build.0 = Release|Any CPU
		{C5705D3A-6EC7-4EA7-8BBD-41C692F7D776}.Release|x86.ActiveCfg = Release|Any CPU
		{C5705D3A-6EC7-4EA7-8BBD-41C692F7D776}.Release|x86.Build.0 = Release|Any CPU
		{17051D3A-B4E1-4AB8-9F1D-231C5B667692}.Debug|Any CPU.ActiveCfg = Debug|Any CPU
		{17051D3A-B4E1-4AB8-9F1D-231C5B667692}.Debug|Any CPU.Build.0 = Debug|Any CPU
		{17051D3A-B4E1-4AB8-9F1D-231C5B667692}.Debug|x64.ActiveCfg = Debug|Any CPU
		{17051D3A-B4E1-4AB8-9F1D-231C5B667692}.Debug|x64.Build.0 = Debug|Any CPU
		{17051D3A-B4E1-4AB8-9F1D-231C5B667692}.Debug|x86.ActiveCfg = Debug|Any CPU
		{17051D3A-B4E1-4AB8-9F1D-231C5B667692}.Debug|x86.Build.0 = Debug|Any CPU
		{17051D3A-B4E1-4AB8-9F1D-231C5B667692}.Release|Any CPU.ActiveCfg = Release|Any CPU
		{17051D3A-B4E1-4AB8-9F1D-231C5B667692}.Release|Any CPU.Build.0 = Release|Any CPU
		{17051D3A-B4E1-4AB8-9F1D-231C5B667692}.Release|x64.ActiveCfg = Release|Any CPU
		{17051D3A-B4E1-4AB8-9F1D-231C5B667692}.Release|x64.Build.0 = Release|Any CPU
		{17051D3A-B4E1-4AB8-9F1D-231C5B667692}.Release|x86.ActiveCfg = Release|Any CPU
		{17051D3A-B4E1-4AB8-9F1D-231C5B667692}.Release|x86.Build.0 = Release|Any CPU
		{1C9B6CFF-9AB9-4DE4-A7A0-88237A580C94}.Debug|Any CPU.ActiveCfg = Debug|Any CPU
		{1C9B6CFF-9AB9-4DE4-A7A0-88237A580C94}.Debug|Any CPU.Build.0 = Debug|Any CPU
		{1C9B6CFF-9AB9-4DE4-A7A0-88237A580C94}.Debug|x64.ActiveCfg = Debug|Any CPU
		{1C9B6CFF-9AB9-4DE4-A7A0-88237A580C94}.Debug|x64.Build.0 = Debug|Any CPU
		{1C9B6CFF-9AB9-4DE4-A7A0-88237A580C94}.Debug|x86.ActiveCfg = Debug|Any CPU
		{1C9B6CFF-9AB9-4DE4-A7A0-88237A580C94}.Debug|x86.Build.0 = Debug|Any CPU
		{1C9B6CFF-9AB9-4DE4-A7A0-88237A580C94}.Release|Any CPU.ActiveCfg = Release|Any CPU
		{1C9B6CFF-9AB9-4DE4-A7A0-88237A580C94}.Release|Any CPU.Build.0 = Release|Any CPU
		{1C9B6CFF-9AB9-4DE4-A7A0-88237A580C94}.Release|x64.ActiveCfg = Release|Any CPU
		{1C9B6CFF-9AB9-4DE4-A7A0-88237A580C94}.Release|x64.Build.0 = Release|Any CPU
		{1C9B6CFF-9AB9-4DE4-A7A0-88237A580C94}.Release|x86.ActiveCfg = Release|Any CPU
		{1C9B6CFF-9AB9-4DE4-A7A0-88237A580C94}.Release|x86.Build.0 = Release|Any CPU
		{BBCEA0B0-33B2-48D5-8CA6-C8916C609592}.Debug|Any CPU.ActiveCfg = Debug|Any CPU
		{BBCEA0B0-33B2-48D5-8CA6-C8916C609592}.Debug|Any CPU.Build.0 = Debug|Any CPU
		{BBCEA0B0-33B2-48D5-8CA6-C8916C609592}.Debug|x64.ActiveCfg = Debug|Any CPU
		{BBCEA0B0-33B2-48D5-8CA6-C8916C609592}.Debug|x64.Build.0 = Debug|Any CPU
		{BBCEA0B0-33B2-48D5-8CA6-C8916C609592}.Debug|x86.ActiveCfg = Debug|Any CPU
		{BBCEA0B0-33B2-48D5-8CA6-C8916C609592}.Debug|x86.Build.0 = Debug|Any CPU
		{BBCEA0B0-33B2-48D5-8CA6-C8916C609592}.Release|Any CPU.ActiveCfg = Release|Any CPU
		{BBCEA0B0-33B2-48D5-8CA6-C8916C609592}.Release|Any CPU.Build.0 = Release|Any CPU
		{BBCEA0B0-33B2-48D5-8CA6-C8916C609592}.Release|x64.ActiveCfg = Release|Any CPU
		{BBCEA0B0-33B2-48D5-8CA6-C8916C609592}.Release|x64.Build.0 = Release|Any CPU
		{BBCEA0B0-33B2-48D5-8CA6-C8916C609592}.Release|x86.ActiveCfg = Release|Any CPU
		{BBCEA0B0-33B2-48D5-8CA6-C8916C609592}.Release|x86.Build.0 = Release|Any CPU
	EndGlobalSection
	GlobalSection(SolutionProperties) = preSolution
		HideSolutionNode = FALSE
	EndGlobalSection
	GlobalSection(NestedProjects) = preSolution
		{6475CCA2-C193-4F75-A425-AD177880C4BA} = {1890303B-0C67-4439-B48A-46DFA884930F}
		{C5705D3A-6EC7-4EA7-8BBD-41C692F7D776} = {092D3627-601B-4FCE-899F-1940080279DD}
		{17051D3A-B4E1-4AB8-9F1D-231C5B667692} = {092D3627-601B-4FCE-899F-1940080279DD}
		{1C9B6CFF-9AB9-4DE4-A7A0-88237A580C94} = {1890303B-0C67-4439-B48A-46DFA884930F}
		{BBCEA0B0-33B2-48D5-8CA6-C8916C609592} = {092D3627-601B-4FCE-899F-1940080279DD}
	EndGlobalSection
	GlobalSection(ExtensibilityGlobals) = postSolution
		SolutionGuid = {8F7BAEE8-276D-419E-A251-AC08D3AB7677}
	EndGlobalSection
EndGlobal
